// !$*UTF8*$!
{
	archiveVersion = 1;
	classes = {
	};
	objectVersion = 55;
	objects = {

/* Begin PBXBuildFile section */
		267A8E812770DFC600AD8290 /* AppDelegate.swift in Sources */ = {isa = PBXBuildFile; fileRef = 267A8E802770DFC600AD8290 /* AppDelegate.swift */; };
		267A8E832770DFC600AD8290 /* SceneDelegate.swift in Sources */ = {isa = PBXBuildFile; fileRef = 267A8E822770DFC600AD8290 /* SceneDelegate.swift */; };
		267A8E852770DFC600AD8290 /* ViewController.swift in Sources */ = {isa = PBXBuildFile; fileRef = 267A8E842770DFC600AD8290 /* ViewController.swift */; };
		267A8E882770DFC600AD8290 /* Main.storyboard in Resources */ = {isa = PBXBuildFile; fileRef = 267A8E862770DFC600AD8290 /* Main.storyboard */; };
		267A8E8A2770DFC800AD8290 /* Assets.xcassets in Resources */ = {isa = PBXBuildFile; fileRef = 267A8E892770DFC800AD8290 /* Assets.xcassets */; };
		267A8E8D2770DFC800AD8290 /* LaunchScreen.storyboard in Resources */ = {isa = PBXBuildFile; fileRef = 267A8E8B2770DFC800AD8290 /* LaunchScreen.storyboard */; };
		267A8E982770DFC900AD8290 /* pogozTests.swift in Sources */ = {isa = PBXBuildFile; fileRef = 267A8E972770DFC900AD8290 /* pogozTests.swift */; };
		267A8EA22770DFC900AD8290 /* pogozUITests.swift in Sources */ = {isa = PBXBuildFile; fileRef = 267A8EA12770DFC900AD8290 /* pogozUITests.swift */; };
		267A8EA42770DFC900AD8290 /* pogozUITestsLaunchTests.swift in Sources */ = {isa = PBXBuildFile; fileRef = 267A8EA32770DFC900AD8290 /* pogozUITestsLaunchTests.swift */; };
/* End PBXBuildFile section */

/* Begin PBXContainerItemProxy section */
		267A8E942770DFC900AD8290 /* PBXContainerItemProxy */ = {
			isa = PBXContainerItemProxy;
			containerPortal = 267A8E752770DFC600AD8290 /* Project object */;
			proxyType = 1;
			remoteGlobalIDString = 267A8E7C2770DFC600AD8290;
			remoteInfo = pogoz;
		};
		267A8E9E2770DFC900AD8290 /* PBXContainerItemProxy */ = {
			isa = PBXContainerItemProxy;
			containerPortal = 267A8E752770DFC600AD8290 /* Project object */;
			proxyType = 1;
			remoteGlobalIDString = 267A8E7C2770DFC600AD8290;
			remoteInfo = pogoz;
		};
/* End PBXContainerItemProxy section */

/* Begin PBXFileReference section */
		267A8E7D2770DFC600AD8290 /* pogoz.app */ = {isa = PBXFileReference; explicitFileType = wrapper.application; includeInIndex = 0; path = pogoz.app; sourceTree = BUILT_PRODUCTS_DIR; };
		267A8E802770DFC600AD8290 /* AppDelegate.swift */ = {isa = PBXFileReference; lastKnownFileType = sourcecode.swift; path = AppDelegate.swift; sourceTree = "<group>"; };
		267A8E822770DFC600AD8290 /* SceneDelegate.swift */ = {isa = PBXFileReference; lastKnownFileType = sourcecode.swift; path = SceneDelegate.swift; sourceTree = "<group>"; };
		267A8E842770DFC600AD8290 /* ViewController.swift */ = {isa = PBXFileReference; lastKnownFileType = sourcecode.swift; path = ViewController.swift; sourceTree = "<group>"; };
		267A8E872770DFC600AD8290 /* Base */ = {isa = PBXFileReference; lastKnownFileType = file.storyboard; name = Base; path = Base.lproj/Main.storyboard; sourceTree = "<group>"; };
		267A8E892770DFC800AD8290 /* Assets.xcassets */ = {isa = PBXFileReference; lastKnownFileType = folder.assetcatalog; path = Assets.xcassets; sourceTree = "<group>"; };
		267A8E8C2770DFC800AD8290 /* Base */ = {isa = PBXFileReference; lastKnownFileType = file.storyboard; name = Base; path = Base.lproj/LaunchScreen.storyboard; sourceTree = "<group>"; };
		267A8E8E2770DFC800AD8290 /* Info.plist */ = {isa = PBXFileReference; lastKnownFileType = text.plist.xml; path = Info.plist; sourceTree = "<group>"; };
		267A8E932770DFC900AD8290 /* pogozTests.xctest */ = {isa = PBXFileReference; explicitFileType = wrapper.cfbundle; includeInIndex = 0; path = pogozTests.xctest; sourceTree = BUILT_PRODUCTS_DIR; };
		267A8E972770DFC900AD8290 /* pogozTests.swift */ = {isa = PBXFileReference; lastKnownFileType = sourcecode.swift; path = pogozTests.swift; sourceTree = "<group>"; };
		267A8E9D2770DFC900AD8290 /* pogozUITests.xctest */ = {isa = PBXFileReference; explicitFileType = wrapper.cfbundle; includeInIndex = 0; path = pogozUITests.xctest; sourceTree = BUILT_PRODUCTS_DIR; };
		267A8EA12770DFC900AD8290 /* pogozUITests.swift */ = {isa = PBXFileReference; lastKnownFileType = sourcecode.swift; path = pogozUITests.swift; sourceTree = "<group>"; };
		267A8EA32770DFC900AD8290 /* pogozUITestsLaunchTests.swift */ = {isa = PBXFileReference; lastKnownFileType = sourcecode.swift; path = pogozUITestsLaunchTests.swift; sourceTree = "<group>"; };
/* End PBXFileReference section */

/* Begin PBXFrameworksBuildPhase section */
		267A8E7A2770DFC600AD8290 /* Frameworks */ = {
			isa = PBXFrameworksBuildPhase;
			buildActionMask = 2147483647;
			files = (
			);
			runOnlyForDeploymentPostprocessing = 0;
		};
		267A8E902770DFC900AD8290 /* Frameworks */ = {
			isa = PBXFrameworksBuildPhase;
			buildActionMask = 2147483647;
			files = (
			);
			runOnlyForDeploymentPostprocessing = 0;
		};
		267A8E9A2770DFC900AD8290 /* Frameworks */ = {
			isa = PBXFrameworksBuildPhase;
			buildActionMask = 2147483647;
			files = (
			);
			runOnlyForDeploymentPostprocessing = 0;
		};
/* End PBXFrameworksBuildPhase section */

/* Begin PBXGroup section */
		267A8E742770DFC600AD8290 = {
			isa = PBXGroup;
			children = (
				267A8E7F2770DFC600AD8290 /* pogoz */,
				267A8E962770DFC900AD8290 /* pogozTests */,
				267A8EA02770DFC900AD8290 /* pogozUITests */,
				267A8E7E2770DFC600AD8290 /* Products */,
			);
			sourceTree = "<group>";
		};
		267A8E7E2770DFC600AD8290 /* Products */ = {
			isa = PBXGroup;
			children = (
				267A8E7D2770DFC600AD8290 /* pogoz.app */,
				267A8E932770DFC900AD8290 /* pogozTests.xctest */,
				267A8E9D2770DFC900AD8290 /* pogozUITests.xctest */,
			);
			name = Products;
			sourceTree = "<group>";
		};
		267A8E7F2770DFC600AD8290 /* pogoz */ = {
			isa = PBXGroup;
			children = (
				267A8E802770DFC600AD8290 /* AppDelegate.swift */,
				267A8E822770DFC600AD8290 /* SceneDelegate.swift */,
				267A8E842770DFC600AD8290 /* ViewController.swift */,
				267A8E862770DFC600AD8290 /* Main.storyboard */,
				267A8E892770DFC800AD8290 /* Assets.xcassets */,
				267A8E8B2770DFC800AD8290 /* LaunchScreen.storyboard */,
				267A8E8E2770DFC800AD8290 /* Info.plist */,
			);
			path = pogoz;
			sourceTree = "<group>";
		};
		267A8E962770DFC900AD8290 /* pogozTests */ = {
			isa = PBXGroup;
			children = (
				267A8E972770DFC900AD8290 /* pogozTests.swift */,
			);
			path = pogozTests;
			sourceTree = "<group>";
		};
		267A8EA02770DFC900AD8290 /* pogozUITests */ = {
			isa = PBXGroup;
			children = (
				267A8EA12770DFC900AD8290 /* pogozUITests.swift */,
				267A8EA32770DFC900AD8290 /* pogozUITestsLaunchTests.swift */,
			);
			path = pogozUITests;
			sourceTree = "<group>";
		};
/* End PBXGroup section */

/* Begin PBXNativeTarget section */
		267A8E7C2770DFC600AD8290 /* pogoz */ = {
			isa = PBXNativeTarget;
			buildConfigurationList = 267A8EA72770DFC900AD8290 /* Build configuration list for PBXNativeTarget "pogoz" */;
			buildPhases = (
				267A8E792770DFC600AD8290 /* Sources */,
				267A8E7A2770DFC600AD8290 /* Frameworks */,
				267A8E7B2770DFC600AD8290 /* Resources */,
			);
			buildRules = (
			);
			dependencies = (
			);
			name = pogoz;
			productName = pogoz;
			productReference = 267A8E7D2770DFC600AD8290 /* pogoz.app */;
			productType = "com.apple.product-type.application";
		};
		267A8E922770DFC900AD8290 /* pogozTests */ = {
			isa = PBXNativeTarget;
			buildConfigurationList = 267A8EAA2770DFC900AD8290 /* Build configuration list for PBXNativeTarget "pogozTests" */;
			buildPhases = (
				267A8E8F2770DFC900AD8290 /* Sources */,
				267A8E902770DFC900AD8290 /* Frameworks */,
				267A8E912770DFC900AD8290 /* Resources */,
			);
			buildRules = (
			);
			dependencies = (
				267A8E952770DFC900AD8290 /* PBXTargetDependency */,
			);
			name = pogozTests;
			productName = pogozTests;
			productReference = 267A8E932770DFC900AD8290 /* pogozTests.xctest */;
			productType = "com.apple.product-type.bundle.unit-test";
		};
		267A8E9C2770DFC900AD8290 /* pogozUITests */ = {
			isa = PBXNativeTarget;
			buildConfigurationList = 267A8EAD2770DFC900AD8290 /* Build configuration list for PBXNativeTarget "pogozUITests" */;
			buildPhases = (
				267A8E992770DFC900AD8290 /* Sources */,
				267A8E9A2770DFC900AD8290 /* Frameworks */,
				267A8E9B2770DFC900AD8290 /* Resources */,
			);
			buildRules = (
			);
			dependencies = (
				267A8E9F2770DFC900AD8290 /* PBXTargetDependency */,
			);
			name = pogozUITests;
			productName = pogozUITests;
			productReference = 267A8E9D2770DFC900AD8290 /* pogozUITests.xctest */;
			productType = "com.apple.product-type.bundle.ui-testing";
		};
/* End PBXNativeTarget section */

/* Begin PBXProject section */
		267A8E752770DFC600AD8290 /* Project object */ = {
			isa = PBXProject;
			attributes = {
				BuildIndependentTargetsInParallel = 1;
				LastSwiftUpdateCheck = 1310;
				LastUpgradeCheck = 1310;
				TargetAttributes = {
					267A8E7C2770DFC600AD8290 = {
						CreatedOnToolsVersion = 13.1;
					};
					267A8E922770DFC900AD8290 = {
						CreatedOnToolsVersion = 13.1;
						TestTargetID = 267A8E7C2770DFC600AD8290;
					};
					267A8E9C2770DFC900AD8290 = {
						CreatedOnToolsVersion = 13.1;
						TestTargetID = 267A8E7C2770DFC600AD8290;
					};
				};
			};
			buildConfigurationList = 267A8E782770DFC600AD8290 /* Build configuration list for PBXProject "pogoz" */;
			compatibilityVersion = "Xcode 13.0";
			developmentRegion = en;
			hasScannedForEncodings = 0;
			knownRegions = (
				en,
				Base,
			);
			mainGroup = 267A8E742770DFC600AD8290;
			productRefGroup = 267A8E7E2770DFC600AD8290 /* Products */;
			projectDirPath = "";
			projectRoot = "";
			targets = (
				267A8E7C2770DFC600AD8290 /* pogoz */,
				267A8E922770DFC900AD8290 /* pogozTests */,
				267A8E9C2770DFC900AD8290 /* pogozUITests */,
			);
		};
/* End PBXProject section */

/* Begin PBXResourcesBuildPhase section */
		267A8E7B2770DFC600AD8290 /* Resources */ = {
			isa = PBXResourcesBuildPhase;
			buildActionMask = 2147483647;
			files = (
				267A8E8D2770DFC800AD8290 /* LaunchScreen.storyboard in Resources */,
				267A8E8A2770DFC800AD8290 /* Assets.xcassets in Resources */,
				267A8E882770DFC600AD8290 /* Main.storyboard in Resources */,
			);
			runOnlyForDeploymentPostprocessing = 0;
		};
		267A8E912770DFC900AD8290 /* Resources */ = {
			isa = PBXResourcesBuildPhase;
			buildActionMask = 2147483647;
			files = (
			);
			runOnlyForDeploymentPostprocessing = 0;
		};
		267A8E9B2770DFC900AD8290 /* Resources */ = {
			isa = PBXResourcesBuildPhase;
			buildActionMask = 2147483647;
			files = (
			);
			runOnlyForDeploymentPostprocessing = 0;
		};
/* End PBXResourcesBuildPhase section */

/* Begin PBXSourcesBuildPhase section */
		267A8E792770DFC600AD8290 /* Sources */ = {
			isa = PBXSourcesBuildPhase;
			buildActionMask = 2147483647;
			files = (
				267A8E852770DFC600AD8290 /* ViewController.swift in Sources */,
				267A8E812770DFC600AD8290 /* AppDelegate.swift in Sources */,
				267A8E832770DFC600AD8290 /* SceneDelegate.swift in Sources */,
			);
			runOnlyForDeploymentPostprocessing = 0;
		};
		267A8E8F2770DFC900AD8290 /* Sources */ = {
			isa = PBXSourcesBuildPhase;
			buildActionMask = 2147483647;
			files = (
				267A8E982770DFC900AD8290 /* pogozTests.swift in Sources */,
			);
			runOnlyForDeploymentPostprocessing = 0;
		};
		267A8E992770DFC900AD8290 /* Sources */ = {
			isa = PBXSourcesBuildPhase;
			buildActionMask = 2147483647;
			files = (
				267A8EA42770DFC900AD8290 /* pogozUITestsLaunchTests.swift in Sources */,
				267A8EA22770DFC900AD8290 /* pogozUITests.swift in Sources */,
			);
			runOnlyForDeploymentPostprocessing = 0;
		};
/* End PBXSourcesBuildPhase section */

/* Begin PBXTargetDependency section */
		267A8E952770DFC900AD8290 /* PBXTargetDependency */ = {
			isa = PBXTargetDependency;
			target = 267A8E7C2770DFC600AD8290 /* pogoz */;
			targetProxy = 267A8E942770DFC900AD8290 /* PBXContainerItemProxy */;
		};
		267A8E9F2770DFC900AD8290 /* PBXTargetDependency */ = {
			isa = PBXTargetDependency;
			target = 267A8E7C2770DFC600AD8290 /* pogoz */;
			targetProxy = 267A8E9E2770DFC900AD8290 /* PBXContainerItemProxy */;
		};
/* End PBXTargetDependency section */

/* Begin PBXVariantGroup section */
		267A8E862770DFC600AD8290 /* Main.storyboard */ = {
			isa = PBXVariantGroup;
			children = (
				267A8E872770DFC600AD8290 /* Base */,
			);
			name = Main.storyboard;
			sourceTree = "<group>";
		};
		267A8E8B2770DFC800AD8290 /* LaunchScreen.storyboard */ = {
			isa = PBXVariantGroup;
			children = (
				267A8E8C2770DFC800AD8290 /* Base */,
			);
			name = LaunchScreen.storyboard;
			sourceTree = "<group>";
		};
/* End PBXVariantGroup section */

/* Begin XCBuildConfiguration section */
		267A8EA52770DFC900AD8290 /* Debug */ = {
			isa = XCBuildConfiguration;
			buildSettings = {
				ALWAYS_SEARCH_USER_PATHS = NO;
				CLANG_ANALYZER_NONNULL = YES;
				CLANG_ANALYZER_NUMBER_OBJECT_CONVERSION = YES_AGGRESSIVE;
				CLANG_CXX_LANGUAGE_STANDARD = "gnu++17";
				CLANG_CXX_LIBRARY = "libc++";
				CLANG_ENABLE_MODULES = YES;
				CLANG_ENABLE_OBJC_ARC = YES;
				CLANG_ENABLE_OBJC_WEAK = YES;
				CLANG_WARN_BLOCK_CAPTURE_AUTORELEASING = YES;
				CLANG_WARN_BOOL_CONVERSION = YES;
				CLANG_WARN_COMMA = YES;
				CLANG_WARN_CONSTANT_CONVERSION = YES;
				CLANG_WARN_DEPRECATED_OBJC_IMPLEMENTATIONS = YES;
				CLANG_WARN_DIRECT_OBJC_ISA_USAGE = YES_ERROR;
				CLANG_WARN_DOCUMENTATION_COMMENTS = YES;
				CLANG_WARN_EMPTY_BODY = YES;
				CLANG_WARN_ENUM_CONVERSION = YES;
				CLANG_WARN_INFINITE_RECURSION = YES;
				CLANG_WARN_INT_CONVERSION = YES;
				CLANG_WARN_NON_LITERAL_NULL_CONVERSION = YES;
				CLANG_WARN_OBJC_IMPLICIT_RETAIN_SELF = YES;
				CLANG_WARN_OBJC_LITERAL_CONVERSION = YES;
				CLANG_WARN_OBJC_ROOT_CLASS = YES_ERROR;
				CLANG_WARN_QUOTED_INCLUDE_IN_FRAMEWORK_HEADER = YES;
				CLANG_WARN_RANGE_LOOP_ANALYSIS = YES;
				CLANG_WARN_STRICT_PROTOTYPES = YES;
				CLANG_WARN_SUSPICIOUS_MOVE = YES;
				CLANG_WARN_UNGUARDED_AVAILABILITY = YES_AGGRESSIVE;
				CLANG_WARN_UNREACHABLE_CODE = YES;
				CLANG_WARN__DUPLICATE_METHOD_MATCH = YES;
				COPY_PHASE_STRIP = NO;
				DEBUG_INFORMATION_FORMAT = dwarf;
				ENABLE_STRICT_OBJC_MSGSEND = YES;
				ENABLE_TESTABILITY = YES;
				GCC_C_LANGUAGE_STANDARD = gnu11;
				GCC_DYNAMIC_NO_PIC = NO;
				GCC_NO_COMMON_BLOCKS = YES;
				GCC_OPTIMIZATION_LEVEL = 0;
				GCC_PREPROCESSOR_DEFINITIONS = (
					"DEBUG=1",
					"$(inherited)",
				);
				GCC_WARN_64_TO_32_BIT_CONVERSION = YES;
				GCC_WARN_ABOUT_RETURN_TYPE = YES_ERROR;
				GCC_WARN_UNDECLARED_SELECTOR = YES;
				GCC_WARN_UNINITIALIZED_AUTOS = YES_AGGRESSIVE;
				GCC_WARN_UNUSED_FUNCTION = YES;
				GCC_WARN_UNUSED_VARIABLE = YES;
				IPHONEOS_DEPLOYMENT_TARGET = 15.0;
				MTL_ENABLE_DEBUG_INFO = INCLUDE_SOURCE;
				MTL_FAST_MATH = YES;
				ONLY_ACTIVE_ARCH = YES;
				SDKROOT = iphoneos;
				SWIFT_ACTIVE_COMPILATION_CONDITIONS = DEBUG;
				SWIFT_OPTIMIZATION_LEVEL = "-Onone";
			};
			name = Debug;
		};
		267A8EA62770DFC900AD8290 /* Release */ = {
			isa = XCBuildConfiguration;
			buildSettings = {
				ALWAYS_SEARCH_USER_PATHS = NO;
				CLANG_ANALYZER_NONNULL = YES;
				CLANG_ANALYZER_NUMBER_OBJECT_CONVERSION = YES_AGGRESSIVE;
				CLANG_CXX_LANGUAGE_STANDARD = "gnu++17";
				CLANG_CXX_LIBRARY = "libc++";
				CLANG_ENABLE_MODULES = YES;
				CLANG_ENABLE_OBJC_ARC = YES;
				CLANG_ENABLE_OBJC_WEAK = YES;
				CLANG_WARN_BLOCK_CAPTURE_AUTORELEASING = YES;
				CLANG_WARN_BOOL_CONVERSION = YES;
				CLANG_WARN_COMMA = YES;
				CLANG_WARN_CONSTANT_CONVERSION = YES;
				CLANG_WARN_DEPRECATED_OBJC_IMPLEMENTATIONS = YES;
				CLANG_WARN_DIRECT_OBJC_ISA_USAGE = YES_ERROR;
				CLANG_WARN_DOCUMENTATION_COMMENTS = YES;
				CLANG_WARN_EMPTY_BODY = YES;
				CLANG_WARN_ENUM_CONVERSION = YES;
				CLANG_WARN_INFINITE_RECURSION = YES;
				CLANG_WARN_INT_CONVERSION = YES;
				CLANG_WARN_NON_LITERAL_NULL_CONVERSION = YES;
				CLANG_WARN_OBJC_IMPLICIT_RETAIN_SELF = YES;
				CLANG_WARN_OBJC_LITERAL_CONVERSION = YES;
				CLANG_WARN_OBJC_ROOT_CLASS = YES_ERROR;
				CLANG_WARN_QUOTED_INCLUDE_IN_FRAMEWORK_HEADER = YES;
				CLANG_WARN_RANGE_LOOP_ANALYSIS = YES;
				CLANG_WARN_STRICT_PROTOTYPES = YES;
				CLANG_WARN_SUSPICIOUS_MOVE = YES;
				CLANG_WARN_UNGUARDED_AVAILABILITY = YES_AGGRESSIVE;
				CLANG_WARN_UNREACHABLE_CODE = YES;
				CLANG_WARN__DUPLICATE_METHOD_MATCH = YES;
				COPY_PHASE_STRIP = NO;
				DEBUG_INFORMATION_FORMAT = "dwarf-with-dsym";
				ENABLE_NS_ASSERTIONS = NO;
				ENABLE_STRICT_OBJC_MSGSEND = YES;
				GCC_C_LANGUAGE_STANDARD = gnu11;
				GCC_NO_COMMON_BLOCKS = YES;
				GCC_WARN_64_TO_32_BIT_CONVERSION = YES;
				GCC_WARN_ABOUT_RETURN_TYPE = YES_ERROR;
				GCC_WARN_UNDECLARED_SELECTOR = YES;
				GCC_WARN_UNINITIALIZED_AUTOS = YES_AGGRESSIVE;
				GCC_WARN_UNUSED_FUNCTION = YES;
				GCC_WARN_UNUSED_VARIABLE = YES;
				IPHONEOS_DEPLOYMENT_TARGET = 15.0;
				MTL_ENABLE_DEBUG_INFO = NO;
				MTL_FAST_MATH = YES;
				SDKROOT = iphoneos;
				SWIFT_COMPILATION_MODE = wholemodule;
				SWIFT_OPTIMIZATION_LEVEL = "-O";
				VALIDATE_PRODUCT = YES;
			};
			name = Release;
		};
		267A8EA82770DFC900AD8290 /* Debug */ = {
			isa = XCBuildConfiguration;
			buildSettings = {
				ASSETCATALOG_COMPILER_APPICON_NAME = AppIcon;
				ASSETCATALOG_COMPILER_GLOBAL_ACCENT_COLOR_NAME = AccentColor;
				CODE_SIGN_STYLE = Automatic;
				CURRENT_PROJECT_VERSION = 1;
				GENERATE_INFOPLIST_FILE = YES;
				INFOPLIST_FILE = pogoz/Info.plist;
				INFOPLIST_KEY_UIApplicationSupportsIndirectInputEvents = YES;
				INFOPLIST_KEY_UILaunchStoryboardName = LaunchScreen;
				INFOPLIST_KEY_UIMainStoryboardFile = Main;
				INFOPLIST_KEY_UISupportedInterfaceOrientations_iPad = "UIInterfaceOrientationPortrait UIInterfaceOrientationPortraitUpsideDown UIInterfaceOrientationLandscapeLeft UIInterfaceOrientationLandscapeRight";
				INFOPLIST_KEY_UISupportedInterfaceOrientations_iPhone = "UIInterfaceOrientationPortrait UIInterfaceOrientationLandscapeLeft UIInterfaceOrientationLandscapeRight";
				LD_RUNPATH_SEARCH_PATHS = (
					"$(inherited)",
					"@executable_path/Frameworks",
				);
				MARKETING_VERSION = 1.0;
				PRODUCT_BUNDLE_IDENTIFIER = com.mgz.pogoz;
				PRODUCT_NAME = "$(TARGET_NAME)";
				SWIFT_EMIT_LOC_STRINGS = YES;
				SWIFT_VERSION = 5.0;
				TARGETED_DEVICE_FAMILY = "1,2";
			};
			name = Debug;
		};
		267A8EA92770DFC900AD8290 /* Release */ = {
			isa = XCBuildConfiguration;
			buildSettings = {
				ASSETCATALOG_COMPILER_APPICON_NAME = AppIcon;
				ASSETCATALOG_COMPILER_GLOBAL_ACCENT_COLOR_NAME = AccentColor;
				CODE_SIGN_STYLE = Automatic;
				CURRENT_PROJECT_VERSION = 1;
				GENERATE_INFOPLIST_FILE = YES;
				INFOPLIST_FILE = pogoz/Info.plist;
				INFOPLIST_KEY_UIApplicationSupportsIndirectInputEvents = YES;
				INFOPLIST_KEY_UILaunchStoryboardName = LaunchScreen;
				INFOPLIST_KEY_UIMainStoryboardFile = Main;
				INFOPLIST_KEY_UISupportedInterfaceOrientations_iPad = "UIInterfaceOrientationPortrait UIInterfaceOrientationPortraitUpsideDown UIInterfaceOrientationLandscapeLeft UIInterfaceOrientationLandscapeRight";
				INFOPLIST_KEY_UISupportedInterfaceOrientations_iPhone = "UIInterfaceOrientationPortrait UIInterfaceOrientationLandscapeLeft UIInterfaceOrientationLandscapeRight";
				LD_RUNPATH_SEARCH_PATHS = (
					"$(inherited)",
					"@executable_path/Frameworks",
				);
				MARKETING_VERSION = 1.0;
				PRODUCT_BUNDLE_IDENTIFIER = com.mgz.pogoz;
				PRODUCT_NAME = "$(TARGET_NAME)";
				SWIFT_EMIT_LOC_STRINGS = YES;
				SWIFT_VERSION = 5.0;
				TARGETED_DEVICE_FAMILY = "1,2";
			};
			name = Release;
		};
		267A8EAB2770DFC900AD8290 /* Debug */ = {
			isa = XCBuildConfiguration;
			buildSettings = {
				ALWAYS_EMBED_SWIFT_STANDARD_LIBRARIES = YES;
				BUNDLE_LOADER = "$(TEST_HOST)";
				CODE_SIGN_STYLE = Automatic;
				CURRENT_PROJECT_VERSION = 1;
				GENERATE_INFOPLIST_FILE = YES;
				IPHONEOS_DEPLOYMENT_TARGET = 15.0;
				LD_RUNPATH_SEARCH_PATHS = (
					"$(inherited)",
					"@executable_path/Frameworks",
					"@loader_path/Frameworks",
				);
				MARKETING_VERSION = 1.0;
				PRODUCT_BUNDLE_IDENTIFIER = com.mgz.pogozTests;
				PRODUCT_NAME = "$(TARGET_NAME)";
				SWIFT_EMIT_LOC_STRINGS = NO;
				SWIFT_VERSION = 5.0;
				TARGETED_DEVICE_FAMILY = "1,2";
				TEST_HOST = "$(BUILT_PRODUCTS_DIR)/pogoz.app/pogoz";
			};
			name = Debug;
		};
		267A8EAC2770DFC900AD8290 /* Release */ = {
			isa = XCBuildConfiguration;
			buildSettings = {
				ALWAYS_EMBED_SWIFT_STANDARD_LIBRARIES = YES;
				BUNDLE_LOADER = "$(TEST_HOST)";
				CODE_SIGN_STYLE = Automatic;
				CURRENT_PROJECT_VERSION = 1;
				GENERATE_INFOPLIST_FILE = YES;
				IPHONEOS_DEPLOYMENT_TARGET = 15.0;
				LD_RUNPATH_SEARCH_PATHS = (
					"$(inherited)",
					"@executable_path/Frameworks",
					"@loader_path/Frameworks",
				);
				MARKETING_VERSION = 1.0;
				PRODUCT_BUNDLE_IDENTIFIER = com.mgz.pogozTests;
				PRODUCT_NAME = "$(TARGET_NAME)";
				SWIFT_EMIT_LOC_STRINGS = NO;
				SWIFT_VERSION = 5.0;
				TARGETED_DEVICE_FAMILY = "1,2";
				TEST_HOST = "$(BUILT_PRODUCTS_DIR)/pogoz.app/pogoz";
			};
			name = Release;
		};
		267A8EAE2770DFC900AD8290 /* Debug */ = {
			isa = XCBuildConfiguration;
			buildSettings = {
				ALWAYS_EMBED_SWIFT_STANDARD_LIBRARIES = YES;
				CODE_SIGN_STYLE = Automatic;
				CURRENT_PROJECT_VERSION = 1;
				GENERATE_INFOPLIST_FILE = YES;
				LD_RUNPATH_SEARCH_PATHS = (
					"$(inherited)",
					"@executable_path/Frameworks",
					"@loader_path/Frameworks",
				);
				MARKETING_VERSION = 1.0;
				PRODUCT_BUNDLE_IDENTIFIER = com.mgz.pogozUITests;
				PRODUCT_NAME = "$(TARGET_NAME)";
				SWIFT_EMIT_LOC_STRINGS = NO;
				SWIFT_VERSION = 5.0;
				TARGETED_DEVICE_FAMILY = "1,2";
				TEST_TARGET_NAME = pogoz;
			};
			name = Debug;
		};
		267A8EAF2770DFC900AD8290 /* Release */ = {
			isa = XCBuildConfiguration;
			buildSettings = {
				ALWAYS_EMBED_SWIFT_STANDARD_LIBRARIES = YES;
				CODE_SIGN_STYLE = Automatic;
				CURRENT_PROJECT_VERSION = 1;
				GENERATE_INFOPLIST_FILE = YES;
				LD_RUNPATH_SEARCH_PATHS = (
					"$(inherited)",
					"@executable_path/Frameworks",
					"@loader_path/Frameworks",
				);
				MARKETING_VERSION = 1.0;
				PRODUCT_BUNDLE_IDENTIFIER = com.mgz.pogozUITests;
				PRODUCT_NAME = "$(TARGET_NAME)";
				SWIFT_EMIT_LOC_STRINGS = NO;
				SWIFT_VERSION = 5.0;
				TARGETED_DEVICE_FAMILY = "1,2";
				TEST_TARGET_NAME = pogoz;
			};
			name = Release;
		};
/* End XCBuildConfiguration section */

/* Begin XCConfigurationList section */
		267A8E782770DFC600AD8290 /* Build configuration list for PBXProject "pogoz" */ = {
			isa = XCConfigurationList;
			buildConfigurations = (
				267A8EA52770DFC900AD8290 /* Debug */,
				267A8EA62770DFC900AD8290 /* Release */,
			);
			defaultConfigurationIsVisible = 0;
			defaultConfigurationName = Release;
		};
		267A8EA72770DFC900AD8290 /* Build configuration list for PBXNativeTarget "pogoz" */ = {
			isa = XCConfigurationList;
			buildConfigurations = (
				267A8EA82770DFC900AD8290 /* Debug */,
				267A8EA92770DFC900AD8290 /* Release */,
			);
			defaultConfigurationIsVisible = 0;
			defaultConfigurationName = Release;
		};
		267A8EAA2770DFC900AD8290 /* Build configuration list for PBXNativeTarget "pogozTests" */ = {
			isa = XCConfigurationList;
			buildConfigurations = (
				267A8EAB2770DFC900AD8290 /* Debug */,
				267A8EAC2770DFC900AD8290 /* Release */,
			);
			defaultConfigurationIsVisible = 0;
			defaultConfigurationName = Release;
		};
		267A8EAD2770DFC900AD8290 /* Build configuration list for PBXNativeTarget "pogozUITests" */ = {
			isa = XCConfigurationList;
			buildConfigurations = (
				267A8EAE2770DFC900AD8290 /* Debug */,
				267A8EAF2770DFC900AD8290 /* Release */,
			);
			defaultConfigurationIsVisible = 0;
			defaultConfigurationName = Release;
		};
/* End XCConfigurationList section */
	};
	rootObject = 267A8E752770DFC600AD8290 /* Project object */;
}
